// !$*UTF8*$!
{
	archiveVersion = 1;
	classes = {
	};
	objectVersion = 50;
	objects = {

/* Begin PBXBuildFile section */
		FC169FF3267FDF9E005C3213 /* Tests_iOS.swift in Sources */ = {isa = PBXBuildFile; fileRef = FC169FF2267FDF9E005C3213 /* Tests_iOS.swift */; };
		FC169FFE267FDF9E005C3213 /* Tests_macOS.swift in Sources */ = {isa = PBXBuildFile; fileRef = FC169FFD267FDF9E005C3213 /* Tests_macOS.swift */; };
		FC16A000267FDF9E005C3213 /* weatherApp.swift in Sources */ = {isa = PBXBuildFile; fileRef = FC169FD7267FDF9D005C3213 /* weatherApp.swift */; };
		FC16A001267FDF9E005C3213 /* weatherApp.swift in Sources */ = {isa = PBXBuildFile; fileRef = FC169FD7267FDF9D005C3213 /* weatherApp.swift */; };
		FC16A002267FDF9E005C3213 /* ContentView.swift in Sources */ = {isa = PBXBuildFile; fileRef = FC169FD8267FDF9D005C3213 /* ContentView.swift */; };
		FC16A003267FDF9E005C3213 /* ContentView.swift in Sources */ = {isa = PBXBuildFile; fileRef = FC169FD8267FDF9D005C3213 /* ContentView.swift */; };
		FC16A004267FDF9E005C3213 /* Assets.xcassets in Resources */ = {isa = PBXBuildFile; fileRef = FC169FD9267FDF9E005C3213 /* Assets.xcassets */; };
		FC16A005267FDF9E005C3213 /* Assets.xcassets in Resources */ = {isa = PBXBuildFile; fileRef = FC169FD9267FDF9E005C3213 /* Assets.xcassets */; };
/* End PBXBuildFile section */

/* Begin PBXContainerItemProxy section */
		FC169FEF267FDF9E005C3213 /* PBXContainerItemProxy */ = {
			isa = PBXContainerItemProxy;
			containerPortal = FC169FD2267FDF9D005C3213 /* Project object */;
			proxyType = 1;
			remoteGlobalIDString = FC169FDD267FDF9E005C3213;
			remoteInfo = "weather (iOS)";
		};
		FC169FFA267FDF9E005C3213 /* PBXContainerItemProxy */ = {
			isa = PBXContainerItemProxy;
			containerPortal = FC169FD2267FDF9D005C3213 /* Project object */;
			proxyType = 1;
			remoteGlobalIDString = FC169FE5267FDF9E005C3213;
			remoteInfo = "weather (macOS)";
		};
/* End PBXContainerItemProxy section */

/* Begin PBXFileReference section */
		FC169FD7267FDF9D005C3213 /* weatherApp.swift */ = {isa = PBXFileReference; lastKnownFileType = sourcecode.swift; path = weatherApp.swift; sourceTree = "<group>"; };
		FC169FD8267FDF9D005C3213 /* ContentView.swift */ = {isa = PBXFileReference; lastKnownFileType = sourcecode.swift; path = ContentView.swift; sourceTree = "<group>"; };
		FC169FD9267FDF9E005C3213 /* Assets.xcassets */ = {isa = PBXFileReference; lastKnownFileType = folder.assetcatalog; path = Assets.xcassets; sourceTree = "<group>"; };
		FC169FDE267FDF9E005C3213 /* weather.app */ = {isa = PBXFileReference; explicitFileType = wrapper.application; includeInIndex = 0; path = weather.app; sourceTree = BUILT_PRODUCTS_DIR; };
		FC169FE1267FDF9E005C3213 /* Info.plist */ = {isa = PBXFileReference; lastKnownFileType = text.plist.xml; path = Info.plist; sourceTree = "<group>"; };
		FC169FE6267FDF9E005C3213 /* weather.app */ = {isa = PBXFileReference; explicitFileType = wrapper.application; includeInIndex = 0; path = weather.app; sourceTree = BUILT_PRODUCTS_DIR; };
		FC169FE8267FDF9E005C3213 /* Info.plist */ = {isa = PBXFileReference; lastKnownFileType = text.plist.xml; path = Info.plist; sourceTree = "<group>"; };
		FC169FE9267FDF9E005C3213 /* macOS.entitlements */ = {isa = PBXFileReference; lastKnownFileType = text.plist.entitlements; path = macOS.entitlements; sourceTree = "<group>"; };
		FC169FEE267FDF9E005C3213 /* Tests iOS.xctest */ = {isa = PBXFileReference; explicitFileType = wrapper.cfbundle; includeInIndex = 0; path = "Tests iOS.xctest"; sourceTree = BUILT_PRODUCTS_DIR; };
		FC169FF2267FDF9E005C3213 /* Tests_iOS.swift */ = {isa = PBXFileReference; lastKnownFileType = sourcecode.swift; path = Tests_iOS.swift; sourceTree = "<group>"; };
		FC169FF4267FDF9E005C3213 /* Info.plist */ = {isa = PBXFileReference; lastKnownFileType = text.plist.xml; path = Info.plist; sourceTree = "<group>"; };
		FC169FF9267FDF9E005C3213 /* Tests macOS.xctest */ = {isa = PBXFileReference; explicitFileType = wrapper.cfbundle; includeInIndex = 0; path = "Tests macOS.xctest"; sourceTree = BUILT_PRODUCTS_DIR; };
		FC169FFD267FDF9E005C3213 /* Tests_macOS.swift */ = {isa = PBXFileReference; lastKnownFileType = sourcecode.swift; path = Tests_macOS.swift; sourceTree = "<group>"; };
		FC169FFF267FDF9E005C3213 /* Info.plist */ = {isa = PBXFileReference; lastKnownFileType = text.plist.xml; path = Info.plist; sourceTree = "<group>"; };
/* End PBXFileReference section */

/* Begin PBXFrameworksBuildPhase section */
		FC169FDB267FDF9E005C3213 /* Frameworks */ = {
			isa = PBXFrameworksBuildPhase;
			buildActionMask = 2147483647;
			files = (
			);
			runOnlyForDeploymentPostprocessing = 0;
		};
		FC169FE3267FDF9E005C3213 /* Frameworks */ = {
			isa = PBXFrameworksBuildPhase;
			buildActionMask = 2147483647;
			files = (
			);
			runOnlyForDeploymentPostprocessing = 0;
		};
		FC169FEB267FDF9E005C3213 /* Frameworks */ = {
			isa = PBXFrameworksBuildPhase;
			buildActionMask = 2147483647;
			files = (
			);
			runOnlyForDeploymentPostprocessing = 0;
		};
		FC169FF6267FDF9E005C3213 /* Frameworks */ = {
			isa = PBXFrameworksBuildPhase;
			buildActionMask = 2147483647;
			files = (
			);
			runOnlyForDeploymentPostprocessing = 0;
		};
/* End PBXFrameworksBuildPhase section */

/* Begin PBXGroup section */
		FC169FD1267FDF9D005C3213 = {
			isa = PBXGroup;
			children = (
				FC169FD6267FDF9D005C3213 /* Shared */,
				FC169FE0267FDF9E005C3213 /* iOS */,
				FC169FE7267FDF9E005C3213 /* macOS */,
				FC169FF1267FDF9E005C3213 /* Tests iOS */,
				FC169FFC267FDF9E005C3213 /* Tests macOS */,
				FC169FDF267FDF9E005C3213 /* Products */,
			);
			sourceTree = "<group>";
		};
		FC169FD6267FDF9D005C3213 /* Shared */ = {
			isa = PBXGroup;
			children = (
				FC169FD7267FDF9D005C3213 /* weatherApp.swift */,
				FC169FD8267FDF9D005C3213 /* ContentView.swift */,
				FC169FD9267FDF9E005C3213 /* Assets.xcassets */,
			);
			path = Shared;
			sourceTree = "<group>";
		};
		FC169FDF267FDF9E005C3213 /* Products */ = {
			isa = PBXGroup;
			children = (
				FC169FDE267FDF9E005C3213 /* weather.app */,
				FC169FE6267FDF9E005C3213 /* weather.app */,
				FC169FEE267FDF9E005C3213 /* Tests iOS.xctest */,
				FC169FF9267FDF9E005C3213 /* Tests macOS.xctest */,
			);
			name = Products;
			sourceTree = "<group>";
		};
		FC169FE0267FDF9E005C3213 /* iOS */ = {
			isa = PBXGroup;
			children = (
				FC169FE1267FDF9E005C3213 /* Info.plist */,
			);
			path = iOS;
			sourceTree = "<group>";
		};
		FC169FE7267FDF9E005C3213 /* macOS */ = {
			isa = PBXGroup;
			children = (
				FC169FE8267FDF9E005C3213 /* Info.plist */,
				FC169FE9267FDF9E005C3213 /* macOS.entitlements */,
			);
			path = macOS;
			sourceTree = "<group>";
		};
		FC169FF1267FDF9E005C3213 /* Tests iOS */ = {
			isa = PBXGroup;
			children = (
				FC169FF2267FDF9E005C3213 /* Tests_iOS.swift */,
				FC169FF4267FDF9E005C3213 /* Info.plist */,
			);
			path = "Tests iOS";
			sourceTree = "<group>";
		};
		FC169FFC267FDF9E005C3213 /* Tests macOS */ = {
			isa = PBXGroup;
			children = (
				FC169FFD267FDF9E005C3213 /* Tests_macOS.swift */,
				FC169FFF267FDF9E005C3213 /* Info.plist */,
			);
			path = "Tests macOS";
			sourceTree = "<group>";
		};
/* End PBXGroup section */

/* Begin PBXNativeTarget section */
		FC169FDD267FDF9E005C3213 /* weather (iOS) */ = {
			isa = PBXNativeTarget;
			buildConfigurationList = FC16A008267FDF9E005C3213 /* Build configuration list for PBXNativeTarget "weather (iOS)" */;
			buildPhases = (
				FC169FDA267FDF9E005C3213 /* Sources */,
				FC169FDB267FDF9E005C3213 /* Frameworks */,
				FC169FDC267FDF9E005C3213 /* Resources */,
			);
			buildRules = (
			);
			dependencies = (
			);
			name = "weather (iOS)";
			productName = "weather (iOS)";
			productReference = FC169FDE267FDF9E005C3213 /* weather.app */;
			productType = "com.apple.product-type.application";
		};
		FC169FE5267FDF9E005C3213 /* weather (macOS) */ = {
			isa = PBXNativeTarget;
			buildConfigurationList = FC16A00B267FDF9E005C3213 /* Build configuration list for PBXNativeTarget "weather (macOS)" */;
			buildPhases = (
				FC169FE2267FDF9E005C3213 /* Sources */,
				FC169FE3267FDF9E005C3213 /* Frameworks */,
				FC169FE4267FDF9E005C3213 /* Resources */,
			);
			buildRules = (
			);
			dependencies = (
			);
			name = "weather (macOS)";
			productName = "weather (macOS)";
			productReference = FC169FE6267FDF9E005C3213 /* weather.app */;
			productType = "com.apple.product-type.application";
		};
		FC169FED267FDF9E005C3213 /* Tests iOS */ = {
			isa = PBXNativeTarget;
			buildConfigurationList = FC16A00E267FDF9E005C3213 /* Build configuration list for PBXNativeTarget "Tests iOS" */;
			buildPhases = (
				FC169FEA267FDF9E005C3213 /* Sources */,
				FC169FEB267FDF9E005C3213 /* Frameworks */,
				FC169FEC267FDF9E005C3213 /* Resources */,
			);
			buildRules = (
			);
			dependencies = (
				FC169FF0267FDF9E005C3213 /* PBXTargetDependency */,
			);
			name = "Tests iOS";
			productName = "Tests iOS";
			productReference = FC169FEE267FDF9E005C3213 /* Tests iOS.xctest */;
			productType = "com.apple.product-type.bundle.ui-testing";
		};
		FC169FF8267FDF9E005C3213 /* Tests macOS */ = {
			isa = PBXNativeTarget;
			buildConfigurationList = FC16A011267FDF9E005C3213 /* Build configuration list for PBXNativeTarget "Tests macOS" */;
			buildPhases = (
				FC169FF5267FDF9E005C3213 /* Sources */,
				FC169FF6267FDF9E005C3213 /* Frameworks */,
				FC169FF7267FDF9E005C3213 /* Resources */,
			);
			buildRules = (
			);
			dependencies = (
				FC169FFB267FDF9E005C3213 /* PBXTargetDependency */,
			);
			name = "Tests macOS";
			productName = "Tests macOS";
			productReference = FC169FF9267FDF9E005C3213 /* Tests macOS.xctest */;
			productType = "com.apple.product-type.bundle.ui-testing";
		};
/* End PBXNativeTarget section */

/* Begin PBXProject section */
		FC169FD2267FDF9D005C3213 /* Project object */ = {
			isa = PBXProject;
			attributes = {
				LastSwiftUpdateCheck = 1250;
				LastUpgradeCheck = 1250;
				TargetAttributes = {
					FC169FDD267FDF9E005C3213 = {
						CreatedOnToolsVersion = 12.5;
					};
					FC169FE5267FDF9E005C3213 = {
						CreatedOnToolsVersion = 12.5;
					};
					FC169FED267FDF9E005C3213 = {
						CreatedOnToolsVersion = 12.5;
						TestTargetID = FC169FDD267FDF9E005C3213;
					};
					FC169FF8267FDF9E005C3213 = {
						CreatedOnToolsVersion = 12.5;
						TestTargetID = FC169FE5267FDF9E005C3213;
					};
				};
			};
			buildConfigurationList = FC169FD5267FDF9D005C3213 /* Build configuration list for PBXProject "weather" */;
			compatibilityVersion = "Xcode 9.3";
			developmentRegion = en;
			hasScannedForEncodings = 0;
			knownRegions = (
				en,
				Base,
			);
			mainGroup = FC169FD1267FDF9D005C3213;
			productRefGroup = FC169FDF267FDF9E005C3213 /* Products */;
			projectDirPath = "";
			projectRoot = "";
			targets = (
				FC169FDD267FDF9E005C3213 /* weather (iOS) */,
				FC169FE5267FDF9E005C3213 /* weather (macOS) */,
				FC169FED267FDF9E005C3213 /* Tests iOS */,
				FC169FF8267FDF9E005C3213 /* Tests macOS */,
			);
		};
/* End PBXProject section */

/* Begin PBXResourcesBuildPhase section */
		FC169FDC267FDF9E005C3213 /* Resources */ = {
			isa = PBXResourcesBuildPhase;
			buildActionMask = 2147483647;
			files = (
				FC16A004267FDF9E005C3213 /* Assets.xcassets in Resources */,
			);
			runOnlyForDeploymentPostprocessing = 0;
		};
		FC169FE4267FDF9E005C3213 /* Resources */ = {
			isa = PBXResourcesBuildPhase;
			buildActionMask = 2147483647;
			files = (
				FC16A005267FDF9E005C3213 /* Assets.xcassets in Resources */,
			);
			runOnlyForDeploymentPostprocessing = 0;
		};
		FC169FEC267FDF9E005C3213 /* Resources */ = {
			isa = PBXResourcesBuildPhase;
			buildActionMask = 2147483647;
			files = (
			);
			runOnlyForDeploymentPostprocessing = 0;
		};
		FC169FF7267FDF9E005C3213 /* Resources */ = {
			isa = PBXResourcesBuildPhase;
			buildActionMask = 2147483647;
			files = (
			);
			runOnlyForDeploymentPostprocessing = 0;
		};
/* End PBXResourcesBuildPhase section */

/* Begin PBXSourcesBuildPhase section */
		FC169FDA267FDF9E005C3213 /* Sources */ = {
			isa = PBXSourcesBuildPhase;
			buildActionMask = 2147483647;
			files = (
				FC16A002267FDF9E005C3213 /* ContentView.swift in Sources */,
				FC16A000267FDF9E005C3213 /* weatherApp.swift in Sources */,
			);
			runOnlyForDeploymentPostprocessing = 0;
		};
		FC169FE2267FDF9E005C3213 /* Sources */ = {
			isa = PBXSourcesBuildPhase;
			buildActionMask = 2147483647;
			files = (
				FC16A003267FDF9E005C3213 /* ContentView.swift in Sources */,
				FC16A001267FDF9E005C3213 /* weatherApp.swift in Sources */,
			);
			runOnlyForDeploymentPostprocessing = 0;
		};
		FC169FEA267FDF9E005C3213 /* Sources */ = {
			isa = PBXSourcesBuildPhase;
			buildActionMask = 2147483647;
			files = (
				FC169FF3267FDF9E005C3213 /* Tests_iOS.swift in Sources */,
			);
			runOnlyForDeploymentPostprocessing = 0;
		};
		FC169FF5267FDF9E005C3213 /* Sources */ = {
			isa = PBXSourcesBuildPhase;
			buildActionMask = 2147483647;
			files = (
				FC169FFE267FDF9E005C3213 /* Tests_macOS.swift in Sources */,
			);
			runOnlyForDeploymentPostprocessing = 0;
		};
/* End PBXSourcesBuildPhase section */

/* Begin PBXTargetDependency section */
		FC169FF0267FDF9E005C3213 /* PBXTargetDependency */ = {
			isa = PBXTargetDependency;
			target = FC169FDD267FDF9E005C3213 /* weather (iOS) */;
			targetProxy = FC169FEF267FDF9E005C3213 /* PBXContainerItemProxy */;
		};
		FC169FFB267FDF9E005C3213 /* PBXTargetDependency */ = {
			isa = PBXTargetDependency;
			target = FC169FE5267FDF9E005C3213 /* weather (macOS) */;
			targetProxy = FC169FFA267FDF9E005C3213 /* PBXContainerItemProxy */;
		};
/* End PBXTargetDependency section */

/* Begin XCBuildConfiguration section */
		FC16A006267FDF9E005C3213 /* Debug */ = {
			isa = XCBuildConfiguration;
			buildSettings = {
				ALWAYS_SEARCH_USER_PATHS = NO;
				CLANG_ANALYZER_NONNULL = YES;
				CLANG_ANALYZER_NUMBER_OBJECT_CONVERSION = YES_AGGRESSIVE;
				CLANG_CXX_LANGUAGE_STANDARD = "gnu++14";
				CLANG_CXX_LIBRARY = "libc++";
				CLANG_ENABLE_MODULES = YES;
				CLANG_ENABLE_OBJC_ARC = YES;
				CLANG_ENABLE_OBJC_WEAK = YES;
				CLANG_WARN_BLOCK_CAPTURE_AUTORELEASING = YES;
				CLANG_WARN_BOOL_CONVERSION = YES;
				CLANG_WARN_COMMA = YES;
				CLANG_WARN_CONSTANT_CONVERSION = YES;
				CLANG_WARN_DEPRECATED_OBJC_IMPLEMENTATIONS = YES;
				CLANG_WARN_DIRECT_OBJC_ISA_USAGE = YES_ERROR;
				CLANG_WARN_DOCUMENTATION_COMMENTS = YES;
				CLANG_WARN_EMPTY_BODY = YES;
				CLANG_WARN_ENUM_CONVERSION = YES;
				CLANG_WARN_INFINITE_RECURSION = YES;
				CLANG_WARN_INT_CONVERSION = YES;
				CLANG_WARN_NON_LITERAL_NULL_CONVERSION = YES;
				CLANG_WARN_OBJC_IMPLICIT_RETAIN_SELF = YES;
				CLANG_WARN_OBJC_LITERAL_CONVERSION = YES;
				CLANG_WARN_OBJC_ROOT_CLASS = YES_ERROR;
				CLANG_WARN_QUOTED_INCLUDE_IN_FRAMEWORK_HEADER = YES;
				CLANG_WARN_RANGE_LOOP_ANALYSIS = YES;
				CLANG_WARN_STRICT_PROTOTYPES = YES;
				CLANG_WARN_SUSPICIOUS_MOVE = YES;
				CLANG_WARN_UNGUARDED_AVAILABILITY = YES_AGGRESSIVE;
				CLANG_WARN_UNREACHABLE_CODE = YES;
				CLANG_WARN__DUPLICATE_METHOD_MATCH = YES;
				COPY_PHASE_STRIP = NO;
				DEBUG_INFORMATION_FORMAT = dwarf;
				ENABLE_STRICT_OBJC_MSGSEND = YES;
				ENABLE_TESTABILITY = YES;
				GCC_C_LANGUAGE_STANDARD = gnu11;
				GCC_DYNAMIC_NO_PIC = NO;
				GCC_NO_COMMON_BLOCKS = YES;
				GCC_OPTIMIZATION_LEVEL = 0;
				GCC_PREPROCESSOR_DEFINITIONS = (
					"DEBUG=1",
					"$(inherited)",
				);
				GCC_WARN_64_TO_32_BIT_CONVERSION = YES;
				GCC_WARN_ABOUT_RETURN_TYPE = YES_ERROR;
				GCC_WARN_UNDECLARED_SELECTOR = YES;
				GCC_WARN_UNINITIALIZED_AUTOS = YES_AGGRESSIVE;
				GCC_WARN_UNUSED_FUNCTION = YES;
				GCC_WARN_UNUSED_VARIABLE = YES;
				MTL_ENABLE_DEBUG_INFO = INCLUDE_SOURCE;
				MTL_FAST_MATH = YES;
				ONLY_ACTIVE_ARCH = YES;
				SWIFT_ACTIVE_COMPILATION_CONDITIONS = DEBUG;
				SWIFT_OPTIMIZATION_LEVEL = "-Onone";
			};
			name = Debug;
		};
		FC16A007267FDF9E005C3213 /* Release */ = {
			isa = XCBuildConfiguration;
			buildSettings = {
				ALWAYS_SEARCH_USER_PATHS = NO;
				CLANG_ANALYZER_NONNULL = YES;
				CLANG_ANALYZER_NUMBER_OBJECT_CONVERSION = YES_AGGRESSIVE;
				CLANG_CXX_LANGUAGE_STANDARD = "gnu++14";
				CLANG_CXX_LIBRARY = "libc++";
				CLANG_ENABLE_MODULES = YES;
				CLANG_ENABLE_OBJC_ARC = YES;
				CLANG_ENABLE_OBJC_WEAK = YES;
				CLANG_WARN_BLOCK_CAPTURE_AUTORELEASING = YES;
				CLANG_WARN_BOOL_CONVERSION = YES;
				CLANG_WARN_COMMA = YES;
				CLANG_WARN_CONSTANT_CONVERSION = YES;
				CLANG_WARN_DEPRECATED_OBJC_IMPLEMENTATIONS = YES;
				CLANG_WARN_DIRECT_OBJC_ISA_USAGE = YES_ERROR;
				CLANG_WARN_DOCUMENTATION_COMMENTS = YES;
				CLANG_WARN_EMPTY_BODY = YES;
				CLANG_WARN_ENUM_CONVERSION = YES;
				CLANG_WARN_INFINITE_RECURSION = YES;
				CLANG_WARN_INT_CONVERSION = YES;
				CLANG_WARN_NON_LITERAL_NULL_CONVERSION = YES;
				CLANG_WARN_OBJC_IMPLICIT_RETAIN_SELF = YES;
				CLANG_WARN_OBJC_LITERAL_CONVERSION = YES;
				CLANG_WARN_OBJC_ROOT_CLASS = YES_ERROR;
				CLANG_WARN_QUOTED_INCLUDE_IN_FRAMEWORK_HEADER = YES;
				CLANG_WARN_RANGE_LOOP_ANALYSIS = YES;
				CLANG_WARN_STRICT_PROTOTYPES = YES;
				CLANG_WARN_SUSPICIOUS_MOVE = YES;
				CLANG_WARN_UNGUARDED_AVAILABILITY = YES_AGGRESSIVE;
				CLANG_WARN_UNREACHABLE_CODE = YES;
				CLANG_WARN__DUPLICATE_METHOD_MATCH = YES;
				COPY_PHASE_STRIP = NO;
				DEBUG_INFORMATION_FORMAT = "dwarf-with-dsym";
				ENABLE_NS_ASSERTIONS = NO;
				ENABLE_STRICT_OBJC_MSGSEND = YES;
				GCC_C_LANGUAGE_STANDARD = gnu11;
				GCC_NO_COMMON_BLOCKS = YES;
				GCC_WARN_64_TO_32_BIT_CONVERSION = YES;
				GCC_WARN_ABOUT_RETURN_TYPE = YES_ERROR;
				GCC_WARN_UNDECLARED_SELECTOR = YES;
				GCC_WARN_UNINITIALIZED_AUTOS = YES_AGGRESSIVE;
				GCC_WARN_UNUSED_FUNCTION = YES;
				GCC_WARN_UNUSED_VARIABLE = YES;
				MTL_ENABLE_DEBUG_INFO = NO;
				MTL_FAST_MATH = YES;
				SWIFT_COMPILATION_MODE = wholemodule;
				SWIFT_OPTIMIZATION_LEVEL = "-O";
			};
			name = Release;
		};
		FC16A009267FDF9E005C3213 /* Debug */ = {
			isa = XCBuildConfiguration;
			buildSettings = {
				ASSETCATALOG_COMPILER_APPICON_NAME = AppIcon;
				ASSETCATALOG_COMPILER_GLOBAL_ACCENT_COLOR_NAME = AccentColor;
				CODE_SIGN_STYLE = Automatic;
				DEVELOPMENT_TEAM = 796864JX46;
				ENABLE_PREVIEWS = YES;
				INFOPLIST_FILE = iOS/Info.plist;
				IPHONEOS_DEPLOYMENT_TARGET = 14.0;
				LD_RUNPATH_SEARCH_PATHS = (
					"$(inherited)",
					"@executable_path/Frameworks",
				);
				PRODUCT_BUNDLE_IDENTIFIER = wadden.weather;
				PRODUCT_NAME = weather;
				SDKROOT = iphoneos;
				SWIFT_VERSION = 5.0;
				TARGETED_DEVICE_FAMILY = "1,2";
			};
			name = Debug;
		};
		FC16A00A267FDF9E005C3213 /* Release */ = {
			isa = XCBuildConfiguration;
			buildSettings = {
				ASSETCATALOG_COMPILER_APPICON_NAME = AppIcon;
				ASSETCATALOG_COMPILER_GLOBAL_ACCENT_COLOR_NAME = AccentColor;
				CODE_SIGN_STYLE = Automatic;
				DEVELOPMENT_TEAM = 796864JX46;
				ENABLE_PREVIEWS = YES;
				INFOPLIST_FILE = iOS/Info.plist;
				IPHONEOS_DEPLOYMENT_TARGET = 14.0;
				LD_RUNPATH_SEARCH_PATHS = (
					"$(inherited)",
					"@executable_path/Frameworks",
				);
				PRODUCT_BUNDLE_IDENTIFIER = wadden.weather;
				PRODUCT_NAME = weather;
				SDKROOT = iphoneos;
				SWIFT_VERSION = 5.0;
				TARGETED_DEVICE_FAMILY = "1,2";
				VALIDATE_PRODUCT = YES;
			};
			name = Release;
		};
		FC16A00C267FDF9E005C3213 /* Debug */ = {
			isa = XCBuildConfiguration;
			buildSettings = {
				ASSETCATALOG_COMPILER_APPICON_NAME = AppIcon;
				ASSETCATALOG_COMPILER_GLOBAL_ACCENT_COLOR_NAME = AccentColor;
				CODE_SIGN_ENTITLEMENTS = macOS/macOS.entitlements;
				CODE_SIGN_STYLE = Automatic;
				COMBINE_HIDPI_IMAGES = YES;
				DEVELOPMENT_TEAM = 796864JX46;
				ENABLE_HARDENED_RUNTIME = YES;
				ENABLE_PREVIEWS = YES;
				INFOPLIST_FILE = macOS/Info.plist;
				LD_RUNPATH_SEARCH_PATHS = (
					"$(inherited)",
					"@executable_path/../Frameworks",
				);
				MACOSX_DEPLOYMENT_TARGET = 11.0;
				PRODUCT_BUNDLE_IDENTIFIER = wadden.weather;
				PRODUCT_NAME = weather;
				SDKROOT = macosx;
				SWIFT_VERSION = 5.0;
			};
			name = Debug;
		};
		FC16A00D267FDF9E005C3213 /* Release */ = {
			isa = XCBuildConfiguration;
			buildSettings = {
				ASSETCATALOG_COMPILER_APPICON_NAME = AppIcon;
				ASSETCATALOG_COMPILER_GLOBAL_ACCENT_COLOR_NAME = AccentColor;
				CODE_SIGN_ENTITLEMENTS = macOS/macOS.entitlements;
				CODE_SIGN_STYLE = Automatic;
				COMBINE_HIDPI_IMAGES = YES;
				DEVELOPMENT_TEAM = 796864JX46;
				ENABLE_HARDENED_RUNTIME = YES;
				ENABLE_PREVIEWS = YES;
				INFOPLIST_FILE = macOS/Info.plist;
				LD_RUNPATH_SEARCH_PATHS = (
					"$(inherited)",
					"@executable_path/../Frameworks",
				);
				MACOSX_DEPLOYMENT_TARGET = 11.0;
				PRODUCT_BUNDLE_IDENTIFIER = wadden.weather;
				PRODUCT_NAME = weather;
				SDKROOT = macosx;
				SWIFT_VERSION = 5.0;
			};
			name = Release;
		};
		FC16A00F267FDF9E005C3213 /* Debug */ = {
			isa = XCBuildConfiguration;
			buildSettings = {
				ALWAYS_EMBED_SWIFT_STANDARD_LIBRARIES = YES;
				CODE_SIGN_STYLE = Automatic;
				DEVELOPMENT_TEAM = 796864JX46;
				INFOPLIST_FILE = "Tests iOS/Info.plist";
				IPHONEOS_DEPLOYMENT_TARGET = 14.5;
				LD_RUNPATH_SEARCH_PATHS = (
					"$(inherited)",
					"@executable_path/Frameworks",
					"@loader_path/Frameworks",
				);
				PRODUCT_BUNDLE_IDENTIFIER = "wadden.Tests-iOS";
				PRODUCT_NAME = "$(TARGET_NAME)";
				SDKROOT = iphoneos;
				SWIFT_VERSION = 5.0;
				TARGETED_DEVICE_FAMILY = "1,2";
				TEST_TARGET_NAME = "weather (iOS)";
			};
			name = Debug;
		};
		FC16A010267FDF9E005C3213 /* Release */ = {
			isa = XCBuildConfiguration;
			buildSettings = {
				ALWAYS_EMBED_SWIFT_STANDARD_LIBRARIES = YES;
				CODE_SIGN_STYLE = Automatic;
				DEVELOPMENT_TEAM = 796864JX46;
				INFOPLIST_FILE = "Tests iOS/Info.plist";
				IPHONEOS_DEPLOYMENT_TARGET = 14.5;
				LD_RUNPATH_SEARCH_PATHS = (
					"$(inherited)",
					"@executable_path/Frameworks",
					"@loader_path/Frameworks",
				);
				PRODUCT_BUNDLE_IDENTIFIER = "wadden.Tests-iOS";
				PRODUCT_NAME = "$(TARGET_NAME)";
				SDKROOT = iphoneos;
				SWIFT_VERSION = 5.0;
				TARGETED_DEVICE_FAMILY = "1,2";
				TEST_TARGET_NAME = "weather (iOS)";
				VALIDATE_PRODUCT = YES;
			};
			name = Release;
		};
		FC16A012267FDF9E005C3213 /* Debug */ = {
			isa = XCBuildConfiguration;
			buildSettings = {
				ALWAYS_EMBED_SWIFT_STANDARD_LIBRARIES = YES;
				CODE_SIGN_STYLE = Automatic;
				COMBINE_HIDPI_IMAGES = YES;
				DEVELOPMENT_TEAM = 796864JX46;
				INFOPLIST_FILE = "Tests macOS/Info.plist";
				LD_RUNPATH_SEARCH_PATHS = (
					"$(inherited)",
					"@executable_path/../Frameworks",
					"@loader_path/../Frameworks",
				);
				MACOSX_DEPLOYMENT_TARGET = 11.3;
				PRODUCT_BUNDLE_IDENTIFIER = "wadden.Tests-macOS";
				PRODUCT_NAME = "$(TARGET_NAME)";
				SDKROOT = macosx;
				SWIFT_VERSION = 5.0;
				TEST_TARGET_NAME = "weather (macOS)";
			};
			name = Debug;
		};
		FC16A013267FDF9E005C3213 /* Release */ = {
			isa = XCBuildConfiguration;
			buildSettings = {
				ALWAYS_EMBED_SWIFT_STANDARD_LIBRARIES = YES;
				CODE_SIGN_STYLE = Automatic;
				COMBINE_HIDPI_IMAGES = YES;
				DEVELOPMENT_TEAM = 796864JX46;
				INFOPLIST_FILE = "Tests macOS/Info.plist";
				LD_RUNPATH_SEARCH_PATHS = (
					"$(inherited)",
					"@executable_path/../Frameworks",
					"@loader_path/../Frameworks",
				);
				MACOSX_DEPLOYMENT_TARGET = 11.3;
				PRODUCT_BUNDLE_IDENTIFIER = "wadden.Tests-macOS";
				PRODUCT_NAME = "$(TARGET_NAME)";
				SDKROOT = macosx;
				SWIFT_VERSION = 5.0;
				TEST_TARGET_NAME = "weather (macOS)";
			};
			name = Release;
		};
/* End XCBuildConfiguration section */

/* Begin XCConfigurationList section */
		FC169FD5267FDF9D005C3213 /* Build configuration list for PBXProject "weather" */ = {
			isa = XCConfigurationList;
			buildConfigurations = (
				FC16A006267FDF9E005C3213 /* Debug */,
				FC16A007267FDF9E005C3213 /* Release */,
			);
			defaultConfigurationIsVisible = 0;
			defaultConfigurationName = Release;
		};
		FC16A008267FDF9E005C3213 /* Build configuration list for PBXNativeTarget "weather (iOS)" */ = {
			isa = XCConfigurationList;
			buildConfigurations = (
				FC16A009267FDF9E005C3213 /* Debug */,
				FC16A00A267FDF9E005C3213 /* Release */,
			);
			defaultConfigurationIsVisible = 0;
			defaultConfigurationName = Release;
		};
		FC16A00B267FDF9E005C3213 /* Build configuration list for PBXNativeTarget "weather (macOS)" */ = {
			isa = XCConfigurationList;
			buildConfigurations = (
				FC16A00C267FDF9E005C3213 /* Debug */,
				FC16A00D267FDF9E005C3213 /* Release */,
			);
			defaultConfigurationIsVisible = 0;
			defaultConfigurationName = Release;
		};
		FC16A00E267FDF9E005C3213 /* Build configuration list for PBXNativeTarget "Tests iOS" */ = {
			isa = XCConfigurationList;
			buildConfigurations = (
				FC16A00F267FDF9E005C3213 /* Debug */,
				FC16A010267FDF9E005C3213 /* Release */,
			);
			defaultConfigurationIsVisible = 0;
			defaultConfigurationName = Release;
		};
		FC16A011267FDF9E005C3213 /* Build configuration list for PBXNativeTarget "Tests macOS" */ = {
			isa = XCConfigurationList;
			buildConfigurations = (
				FC16A012267FDF9E005C3213 /* Debug */,
				FC16A013267FDF9E005C3213 /* Release */,
			);
			defaultConfigurationIsVisible = 0;
			defaultConfigurationName = Release;
		};
/* End XCConfigurationList section */
	};
	rootObject = FC169FD2267FDF9D005C3213 /* Project object */;
}
